// !$*UTF8*$!
{
	archiveVersion = 1;
	classes = {
	};
	objectVersion = 46;
	objects = {

/* Begin PBXBuildFile section */
		F372A0131E864CCC00A3CD00 /* SquareMatrix.cpp in Sources */ = {isa = PBXBuildFile; fileRef = F372A0121E864CCC00A3CD00 /* SquareMatrix.cpp */; };
		F372A0151E864CDE00A3CD00 /* smain.cpp in Sources */ = {isa = PBXBuildFile; fileRef = F372A0141E864CDE00A3CD00 /* smain.cpp */; };
		F3F847861E8644B500B5E70F /* Polynomial.cpp in Sources */ = {isa = PBXBuildFile; fileRef = F3F847841E8644B500B5E70F /* Polynomial.cpp */; };
		F3F8478A1E8645CE00B5E70F /* main.cpp in Sources */ = {isa = PBXBuildFile; fileRef = F3F847891E8645CE00B5E70F /* main.cpp */; };
/* End PBXBuildFile section */

/* Begin PBXCopyFilesBuildPhase section */
		F3F847781E86442000B5E70F /* CopyFiles */ = {
			isa = PBXCopyFilesBuildPhase;
			buildActionMask = 2147483647;
			dstPath = /usr/share/man/man1/;
			dstSubfolderSpec = 0;
			files = (
			);
			runOnlyForDeploymentPostprocessing = 1;
		};
/* End PBXCopyFilesBuildPhase section */

/* Begin PBXFileReference section */
		F372A0121E864CCC00A3CD00 /* SquareMatrix.cpp */ = {isa = PBXFileReference; fileEncoding = 4; lastKnownFileType = sourcecode.cpp.cpp; path = SquareMatrix.cpp; sourceTree = "<group>"; };
		F372A0141E864CDE00A3CD00 /* smain.cpp */ = {isa = PBXFileReference; fileEncoding = 4; lastKnownFileType = sourcecode.cpp.cpp; path = smain.cpp; sourceTree = "<group>"; };
		F372A0161E864CED00A3CD00 /* SquareMatrix.h */ = {isa = PBXFileReference; lastKnownFileType = sourcecode.c.h; path = SquareMatrix.h; sourceTree = "<group>"; };
		F3F8477A1E86442000B5E70F /* CSC340HW4 */ = {isa = PBXFileReference; explicitFileType = "compiled.mach-o.executable"; includeInIndex = 0; path = CSC340HW4; sourceTree = BUILT_PRODUCTS_DIR; };
		F3F847841E8644B500B5E70F /* Polynomial.cpp */ = {isa = PBXFileReference; fileEncoding = 4; lastKnownFileType = sourcecode.cpp.cpp; path = Polynomial.cpp; sourceTree = "<group>"; };
		F3F847851E8644B500B5E70F /* Polynomial.h */ = {isa = PBXFileReference; fileEncoding = 4; lastKnownFileType = sourcecode.c.h; path = Polynomial.h; sourceTree = "<group>"; };
		F3F847891E8645CE00B5E70F /* main.cpp */ = {isa = PBXFileReference; fileEncoding = 4; lastKnownFileType = sourcecode.cpp.cpp; path = main.cpp; sourceTree = "<group>"; };
/* End PBXFileReference section */

/* Begin PBXFrameworksBuildPhase section */
		F3F847771E86442000B5E70F /* Frameworks */ = {
			isa = PBXFrameworksBuildPhase;
			buildActionMask = 2147483647;
			files = (
			);
			runOnlyForDeploymentPostprocessing = 0;
		};
/* End PBXFrameworksBuildPhase section */

/* Begin PBXGroup section */
		F372A0101E864C9100A3CD00 /* Polynomials */ = {
			isa = PBXGroup;
			children = (
				F3F847891E8645CE00B5E70F /* main.cpp */,
				F3F847841E8644B500B5E70F /* Polynomial.cpp */,
				F3F847851E8644B500B5E70F /* Polynomial.h */,
			);
			name = Polynomials;
			sourceTree = "<group>";
		};
		F372A0111E864CAE00A3CD00 /* SquareMatrix */ = {
			isa = PBXGroup;
			children = (
				F372A0121E864CCC00A3CD00 /* SquareMatrix.cpp */,
				F372A0141E864CDE00A3CD00 /* smain.cpp */,
				F372A0161E864CED00A3CD00 /* SquareMatrix.h */,
			);
			name = SquareMatrix;
			sourceTree = "<group>";
		};
		F3F847711E86441F00B5E70F = {
			isa = PBXGroup;
			children = (
				F3F8477C1E86442000B5E70F /* CSC340HW4 */,
				F3F8477B1E86442000B5E70F /* Products */,
			);
			sourceTree = "<group>";
		};
		F3F8477B1E86442000B5E70F /* Products */ = {
			isa = PBXGroup;
			children = (
				F3F8477A1E86442000B5E70F /* CSC340HW4 */,
			);
			name = Products;
			sourceTree = "<group>";
		};
		F3F8477C1E86442000B5E70F /* CSC340HW4 */ = {
			isa = PBXGroup;
			children = (
				F372A0111E864CAE00A3CD00 /* SquareMatrix */,
				F372A0101E864C9100A3CD00 /* Polynomials */,
			);
			path = CSC340HW4;
			sourceTree = "<group>";
		};
/* End PBXGroup section */

/* Begin PBXNativeTarget section */
		F3F847791E86442000B5E70F /* CSC340HW4 */ = {
			isa = PBXNativeTarget;
			buildConfigurationList = F3F847811E86442000B5E70F /* Build configuration list for PBXNativeTarget "CSC340HW4" */;
			buildPhases = (
				F3F847761E86442000B5E70F /* Sources */,
				F3F847771E86442000B5E70F /* Frameworks */,
				F3F847781E86442000B5E70F /* CopyFiles */,
			);
			buildRules = (
			);
			dependencies = (
			);
			name = CSC340HW4;
			productName = CSC340HW4;
			productReference = F3F8477A1E86442000B5E70F /* CSC340HW4 */;
			productType = "com.apple.product-type.tool";
		};
/* End PBXNativeTarget section */

/* Begin PBXProject section */
		F3F847721E86442000B5E70F /* Project object */ = {
			isa = PBXProject;
			attributes = {
				LastUpgradeCheck = 0730;
				ORGANIZATIONNAME = "Abigail Chin";
				TargetAttributes = {
					F3F847791E86442000B5E70F = {
						CreatedOnToolsVersion = 7.3.1;
					};
				};
			};
			buildConfigurationList = F3F847751E86442000B5E70F /* Build configuration list for PBXProject "CSC340HW4" */;
			compatibilityVersion = "Xcode 3.2";
			developmentRegion = English;
			hasScannedForEncodings = 0;
			knownRegions = (
				en,
			);
			mainGroup = F3F847711E86441F00B5E70F;
			productRefGroup = F3F8477B1E86442000B5E70F /* Products */;
			projectDirPath = "";
			projectRoot = "";
			targets = (
				F3F847791E86442000B5E70F /* CSC340HW4 */,
			);
		};
/* End PBXProject section */

/* Begin PBXSourcesBuildPhase section */
		F3F847761E86442000B5E70F /* Sources */ = {
			isa = PBXSourcesBuildPhase;
			buildActionMask = 2147483647;
			files = (
				F3F8478A1E8645CE00B5E70F /* main.cpp in Sources */,
				F3F847861E8644B500B5E70F /* Polynomial.cpp in Sources */,
				F372A0151E864CDE00A3CD00 /* smain.cpp in Sources */,
				F372A0131E864CCC00A3CD00 /* SquareMatrix.cpp in Sources */,
			);
			runOnlyForDeploymentPostprocessing = 0;
		};
/* End PBXSourcesBuildPhase section */

/* Begin XCBuildConfiguration section */
		F3F8477F1E86442000B5E70F /* Debug */ = {
			isa = XCBuildConfiguration;
			buildSettings = {
				ALWAYS_SEARCH_USER_PATHS = NO;
				CLANG_ANALYZER_NONNULL = YES;
				CLANG_CXX_LANGUAGE_STANDARD = "gnu++0x";
				CLANG_CXX_LIBRARY = "libc++";
				CLANG_ENABLE_MODULES = YES;
				CLANG_ENABLE_OBJC_ARC = YES;
				CLANG_WARN_BOOL_CONVERSION = YES;
				CLANG_WARN_CONSTANT_CONVERSION = YES;
				CLANG_WARN_DIRECT_OBJC_ISA_USAGE = YES_ERROR;
				CLANG_WARN_EMPTY_BODY = YES;
				CLANG_WARN_ENUM_CONVERSION = YES;
				CLANG_WARN_INT_CONVERSION = YES;
				CLANG_WARN_OBJC_ROOT_CLASS = YES_ERROR;
				CLANG_WARN_UNREACHABLE_CODE = YES;
				CLANG_WARN__DUPLICATE_METHOD_MATCH = YES;
				CODE_SIGN_IDENTITY = "-";
				COPY_PHASE_STRIP = NO;
				DEBUG_INFORMATION_FORMAT = dwarf;
				ENABLE_STRICT_OBJC_MSGSEND = YES;
				ENABLE_TESTABILITY = YES;
				GCC_C_LANGUAGE_STANDARD = gnu99;
				GCC_DYNAMIC_NO_PIC = NO;
				GCC_NO_COMMON_BLOCKS = YES;
				GCC_OPTIMIZATION_LEVEL = 0;
				GCC_PREPROCESSOR_DEFINITIONS = (
					"DEBUG=1",
					"$(inherited)",
				);
				GCC_WARN_64_TO_32_BIT_CONVERSION = YES;
				GCC_WARN_ABOUT_RETURN_TYPE = YES_ERROR;
				GCC_WARN_UNDECLARED_SELECTOR = YES;
				GCC_WARN_UNINITIALIZED_AUTOS = YES_AGGRESSIVE;
				GCC_WARN_UNUSED_FUNCTION = YES;
				GCC_WARN_UNUSED_VARIABLE = YES;
				MACOSX_DEPLOYMENT_TARGET = 10.11;
				MTL_ENABLE_DEBUG_INFO = YES;
				ONLY_ACTIVE_ARCH = YES;
				SDKROOT = macosx;
			};
			name = Debug;
		};
		F3F847801E86442000B5E70F /* Release */ = {
			isa = XCBuildConfiguration;
			buildSettings = {
				ALWAYS_SEARCH_USER_PATHS = NO;
				CLANG_ANALYZER_NONNULL = YES;
				CLANG_CXX_LANGUAGE_STANDARD = "gnu++0x";
				CLANG_CXX_LIBRARY = "libc++";
				CLANG_ENABLE_MODULES = YES;
				CLANG_ENABLE_OBJC_ARC = YES;
				CLANG_WARN_BOOL_CONVERSION = YES;
				CLANG_WARN_CONSTANT_CONVERSION = YES;
				CLANG_WARN_DIRECT_OBJC_ISA_USAGE = YES_ERROR;
				CLANG_WARN_EMPTY_BODY = YES;
				CLANG_WARN_ENUM_CONVERSION = YES;
				CLANG_WARN_INT_CONVERSION = YES;
				CLANG_WARN_OBJC_ROOT_CLASS = YES_ERROR;
				CLANG_WARN_UNREACHABLE_CODE = YES;
				CLANG_WARN__DUPLICATE_METHOD_MATCH = YES;
				CODE_SIGN_IDENTITY = "-";
				COPY_PHASE_STRIP = NO;
				DEBUG_INFORMATION_FORMAT = "dwarf-with-dsym";
				ENABLE_NS_ASSERTIONS = NO;
				ENABLE_STRICT_OBJC_MSGSEND = YES;
				GCC_C_LANGUAGE_STANDARD = gnu99;
				GCC_NO_COMMON_BLOCKS = YES;
				GCC_WARN_64_TO_32_BIT_CONVERSION = YES;
				GCC_WARN_ABOUT_RETURN_TYPE = YES_ERROR;
				GCC_WARN_UNDECLARED_SELECTOR = YES;
				GCC_WARN_UNINITIALIZED_AUTOS = YES_AGGRESSIVE;
				GCC_WARN_UNUSED_FUNCTION = YES;
				GCC_WARN_UNUSED_VARIABLE = YES;
				MACOSX_DEPLOYMENT_TARGET = 10.11;
				MTL_ENABLE_DEBUG_INFO = NO;
				SDKROOT = macosx;
			};
			name = Release;
		};
		F3F847821E86442000B5E70F /* Debug */ = {
			isa = XCBuildConfiguration;
			buildSettings = {
				PRODUCT_NAME = "$(TARGET_NAME)";
			};
			name = Debug;
		};
		F3F847831E86442000B5E70F /* Release */ = {
			isa = XCBuildConfiguration;
			buildSettings = {
				PRODUCT_NAME = "$(TARGET_NAME)";
			};
			name = Release;
		};
/* End XCBuildConfiguration section */

/* Begin XCConfigurationList section */
		F3F847751E86442000B5E70F /* Build configuration list for PBXProject "CSC340HW4" */ = {
			isa = XCConfigurationList;
			buildConfigurations = (
				F3F8477F1E86442000B5E70F /* Debug */,
				F3F847801E86442000B5E70F /* Release */,
			);
			defaultConfigurationIsVisible = 0;
			defaultConfigurationName = Release;
		};
		F3F847811E86442000B5E70F /* Build configuration list for PBXNativeTarget "CSC340HW4" */ = {
			isa = XCConfigurationList;
			buildConfigurations = (
				F3F847821E86442000B5E70F /* Debug */,
				F3F847831E86442000B5E70F /* Release */,
			);
			defaultConfigurationIsVisible = 0;
			defaultConfigurationName = Release;
		};
/* End XCConfigurationList section */
	};
	rootObject = F3F847721E86442000B5E70F /* Project object */;
}
